
Microsoft Visual Studio Solution File, Format Version 12.00
# Visual Studio Version 17
VisualStudioVersion = 17.4.33403.182
MinimumVisualStudioVersion = 10.0.40219.1
Project("{FAE04EC0-301F-11D3-BF4B-00C04F79EFBC}") = "TeReoMaoriQuiz", "TeReoMaoriQuiz.csproj", "{B0B1AA92-383E-4FF2-96C4-686513210A54}"
EndProject
Global
	GlobalSection(SolutionConfigurationPlatforms) = preSolution
		Debug|Any CPU = Debug|Any CPU
		Release|Any CPU = Release|Any CPU
	EndGlobalSection
	GlobalSection(ProjectConfigurationPlatforms) = postSolution
		{B0B1AA92-383E-4FF2-96C4-686513210A54}.Debug|Any CPU.ActiveCfg = Debug|Any CPU
		{B0B1AA92-383E-4FF2-96C4-686513210A54}.Debug|Any CPU.Build.0 = Debug|Any CPU
		{B0B1AA92-383E-4FF2-96C4-686513210A54}.Release|Any CPU.ActiveCfg = Release|Any CPU
		{B0B1AA92-383E-4FF2-96C4-686513210A54}.Release|Any CPU.Build.0 = Release|Any CPU
	EndGlobalSection
	GlobalSection(SolutionProperties) = preSolution
		HideSolutionNode = FALSE
	EndGlobalSection
	GlobalSection(ExtensibilityGlobals) = postSolution
		SolutionGuid = {CABE7598-A67A-429D-9F64-6F1687DCCA0E}
	EndGlobalSection
EndGlobal
